
Microsoft Visual Studio Solution File, Format Version 12.00
Project("{FAE04EC0-301F-11D3-BF4B-00C04F79EFBC}") = "Http_Server", "Http_Server\Http_Server.csproj", "{14AF5E4D-23EE-49B9-8669-9C4381474D39}"
EndProject
Global
	GlobalSection(SolutionConfigurationPlatforms) = preSolution
		Debug|Any CPU = Debug|Any CPU
		Release|Any CPU = Release|Any CPU
	EndGlobalSection
	GlobalSection(ProjectConfigurationPlatforms) = postSolution
		{14AF5E4D-23EE-49B9-8669-9C4381474D39}.Debug|Any CPU.ActiveCfg = Debug|Any CPU
		{14AF5E4D-23EE-49B9-8669-9C4381474D39}.Debug|Any CPU.Build.0 = Debug|Any CPU
		{14AF5E4D-23EE-49B9-8669-9C4381474D39}.Release|Any CPU.ActiveCfg = Release|Any CPU
		{14AF5E4D-23EE-49B9-8669-9C4381474D39}.Release|Any CPU.Build.0 = Release|Any CPU
	EndGlobalSection
EndGlobal
